
Microsoft Visual Studio Solution File, Format Version 12.00
# Visual Studio Version 17
VisualStudioVersion = 17.3.32811.315
MinimumVisualStudioVersion = 10.0.40219.1
Project("{9A19103F-16F7-4668-BE54-9A1E7A4F7556}") = "Business", "Business\Business.csproj", "{44652DFF-5EE5-4E93-9698-0414D0C294C6}"
EndProject
Project("{9A19103F-16F7-4668-BE54-9A1E7A4F7556}") = "DataAccess", "DataAccess\DataAccess.csproj", "{75B037B9-5490-4C21-966C-432F2ED2E542}"
EndProject
Project("{9A19103F-16F7-4668-BE54-9A1E7A4F7556}") = "Core", "Core\Core.csproj", "{079E81FD-31C0-419C-8E35-C31B1EF9D653}"
EndProject
Project("{9A19103F-16F7-4668-BE54-9A1E7A4F7556}") = "Entities", "Entities\Entities.csproj", "{2F38E94E-363E-412D-9AB5-1578F249D58E}"
EndProject
Project("{FAE04EC0-301F-11D3-BF4B-00C04F79EFBC}") = "WebUI", "WebUI\WebUI.csproj", "{3FB32EF4-CDF9-49F9-9C60-58E816498ED4}"
EndProject
Global
	GlobalSection(SolutionConfigurationPlatforms) = preSolution
		Debug|Any CPU = Debug|Any CPU
		Release|Any CPU = Release|Any CPU
	EndGlobalSection
	GlobalSection(ProjectConfigurationPlatforms) = postSolution
		{44652DFF-5EE5-4E93-9698-0414D0C294C6}.Debug|Any CPU.ActiveCfg = Debug|Any CPU
		{44652DFF-5EE5-4E93-9698-0414D0C294C6}.Debug|Any CPU.Build.0 = Debug|Any CPU
		{44652DFF-5EE5-4E93-9698-0414D0C294C6}.Release|Any CPU.ActiveCfg = Release|Any CPU
		{44652DFF-5EE5-4E93-9698-0414D0C294C6}.Release|Any CPU.Build.0 = Release|Any CPU
		{75B037B9-5490-4C21-966C-432F2ED2E542}.Debug|Any CPU.ActiveCfg = Debug|Any CPU
		{75B037B9-5490-4C21-966C-432F2ED2E542}.Debug|Any CPU.Build.0 = Debug|Any CPU
		{75B037B9-5490-4C21-966C-432F2ED2E542}.Release|Any CPU.ActiveCfg = Release|Any CPU
		{75B037B9-5490-4C21-966C-432F2ED2E542}.Release|Any CPU.Build.0 = Release|Any CPU
		{079E81FD-31C0-419C-8E35-C31B1EF9D653}.Debug|Any CPU.ActiveCfg = Debug|Any CPU
		{079E81FD-31C0-419C-8E35-C31B1EF9D653}.Debug|Any CPU.Build.0 = Debug|Any CPU
		{079E81FD-31C0-419C-8E35-C31B1EF9D653}.Release|Any CPU.ActiveCfg = Release|Any CPU
		{079E81FD-31C0-419C-8E35-C31B1EF9D653}.Release|Any CPU.Build.0 = Release|Any CPU
		{2F38E94E-363E-412D-9AB5-1578F249D58E}.Debug|Any CPU.ActiveCfg = Debug|Any CPU
		{2F38E94E-363E-412D-9AB5-1578F249D58E}.Debug|Any CPU.Build.0 = Debug|Any CPU
		{2F38E94E-363E-412D-9AB5-1578F249D58E}.Release|Any CPU.ActiveCfg = Release|Any CPU
		{2F38E94E-363E-412D-9AB5-1578F249D58E}.Release|Any CPU.Build.0 = Release|Any CPU
		{3FB32EF4-CDF9-49F9-9C60-58E816498ED4}.Debug|Any CPU.ActiveCfg = Debug|Any CPU
		{3FB32EF4-CDF9-49F9-9C60-58E816498ED4}.Debug|Any CPU.Build.0 = Debug|Any CPU
		{3FB32EF4-CDF9-49F9-9C60-58E816498ED4}.Release|Any CPU.ActiveCfg = Release|Any CPU
		{3FB32EF4-CDF9-49F9-9C60-58E816498ED4}.Release|Any CPU.Build.0 = Release|Any CPU
	EndGlobalSection
	GlobalSection(SolutionProperties) = preSolution
		HideSolutionNode = FALSE
	EndGlobalSection
	GlobalSection(ExtensibilityGlobals) = postSolution
		SolutionGuid = {A83264B3-C44D-4733-9FA8-1F4CA25C3CDC}
	EndGlobalSection
EndGlobal
